
Microsoft Visual Studio Solution File, Format Version 12.00
# Visual Studio 15
VisualStudioVersion = 15.0.26124.0
MinimumVisualStudioVersion = 15.0.26124.0
Project("{FAE04EC0-301F-11D3-BF4B-00C04F79EFBC}") = "TwitchChat.Net", "TwitchChat.Net\TwitchChat.Net.csproj", "{39683379-3360-4E17-AF4C-757571D9AD95}"
EndProject
Project("{FAE04EC0-301F-11D3-BF4B-00C04F79EFBC}") = "TwitchChat.Net.Tests", "TwitchChat.Net.Tests\TwitchChat.Net.Tests.csproj", "{59BC0E53-9DBA-4BD2-9F29-CD934AED4F8B}"
EndProject
Global
	GlobalSection(SolutionConfigurationPlatforms) = preSolution
		Debug|Any CPU = Debug|Any CPU
		Debug|x64 = Debug|x64
		Debug|x86 = Debug|x86
		Release|Any CPU = Release|Any CPU
		Release|x64 = Release|x64
		Release|x86 = Release|x86
	EndGlobalSection
	GlobalSection(SolutionProperties) = preSolution
		HideSolutionNode = FALSE
	EndGlobalSection
	GlobalSection(ProjectConfigurationPlatforms) = postSolution
		{39683379-3360-4E17-AF4C-757571D9AD95}.Debug|Any CPU.ActiveCfg = Debug|Any CPU
		{39683379-3360-4E17-AF4C-757571D9AD95}.Debug|Any CPU.Build.0 = Debug|Any CPU
		{39683379-3360-4E17-AF4C-757571D9AD95}.Debug|x64.ActiveCfg = Debug|Any CPU
		{39683379-3360-4E17-AF4C-757571D9AD95}.Debug|x64.Build.0 = Debug|Any CPU
		{39683379-3360-4E17-AF4C-757571D9AD95}.Debug|x86.ActiveCfg = Debug|Any CPU
		{39683379-3360-4E17-AF4C-757571D9AD95}.Debug|x86.Build.0 = Debug|Any CPU
		{39683379-3360-4E17-AF4C-757571D9AD95}.Release|Any CPU.ActiveCfg = Release|Any CPU
		{39683379-3360-4E17-AF4C-757571D9AD95}.Release|Any CPU.Build.0 = Release|Any CPU
		{39683379-3360-4E17-AF4C-757571D9AD95}.Release|x64.ActiveCfg = Release|Any CPU
		{39683379-3360-4E17-AF4C-757571D9AD95}.Release|x64.Build.0 = Release|Any CPU
		{39683379-3360-4E17-AF4C-757571D9AD95}.Release|x86.ActiveCfg = Release|Any CPU
		{39683379-3360-4E17-AF4C-757571D9AD95}.Release|x86.Build.0 = Release|Any CPU
		{59BC0E53-9DBA-4BD2-9F29-CD934AED4F8B}.Debug|Any CPU.ActiveCfg = Debug|Any CPU
		{59BC0E53-9DBA-4BD2-9F29-CD934AED4F8B}.Debug|Any CPU.Build.0 = Debug|Any CPU
		{59BC0E53-9DBA-4BD2-9F29-CD934AED4F8B}.Debug|x64.ActiveCfg = Debug|Any CPU
		{59BC0E53-9DBA-4BD2-9F29-CD934AED4F8B}.Debug|x64.Build.0 = Debug|Any CPU
		{59BC0E53-9DBA-4BD2-9F29-CD934AED4F8B}.Debug|x86.ActiveCfg = Debug|Any CPU
		{59BC0E53-9DBA-4BD2-9F29-CD934AED4F8B}.Debug|x86.Build.0 = Debug|Any CPU
		{59BC0E53-9DBA-4BD2-9F29-CD934AED4F8B}.Release|Any CPU.ActiveCfg = Release|Any CPU
		{59BC0E53-9DBA-4BD2-9F29-CD934AED4F8B}.Release|Any CPU.Build.0 = Release|Any CPU
		{59BC0E53-9DBA-4BD2-9F29-CD934AED4F8B}.Release|x64.ActiveCfg = Release|Any CPU
		{59BC0E53-9DBA-4BD2-9F29-CD934AED4F8B}.Release|x64.Build.0 = Release|Any CPU
		{59BC0E53-9DBA-4BD2-9F29-CD934AED4F8B}.Release|x86.ActiveCfg = Release|Any CPU
		{59BC0E53-9DBA-4BD2-9F29-CD934AED4F8B}.Release|x86.Build.0 = Release|Any CPU
	EndGlobalSection
EndGlobal
